Microsoft Visual Studio Solution File, Format Version 12.00
# Visual Studio Version 17
VisualStudioVersion = 17.5.2.0
MinimumVisualStudioVersion = 10.0.40219.1
Project("{FAE04EC0-301F-11D3-BF4B-00C04F79EFBC}") = "EstructurasPAO2025", "EstructurasPAO2025.csproj", "{187D22B9-E455-5B89-4A1C-7C59C9F883A7}"
EndProject
Global
	GlobalSection(SolutionConfigurationPlatforms) = preSolution
		Debug|Any CPU = Debug|Any CPU
		Release|Any CPU = Release|Any CPU
	EndGlobalSection
	GlobalSection(ProjectConfigurationPlatforms) = postSolution
		{187D22B9-E455-5B89-4A1C-7C59C9F883A7}.Debug|Any CPU.ActiveCfg = Debug|Any CPU
		{187D22B9-E455-5B89-4A1C-7C59C9F883A7}.Debug|Any CPU.Build.0 = Debug|Any CPU
		{187D22B9-E455-5B89-4A1C-7C59C9F883A7}.Release|Any CPU.ActiveCfg = Release|Any CPU
		{187D22B9-E455-5B89-4A1C-7C59C9F883A7}.Release|Any CPU.Build.0 = Release|Any CPU
	EndGlobalSection
	GlobalSection(SolutionProperties) = preSolution
		HideSolutionNode = FALSE
	EndGlobalSection
	GlobalSection(ExtensibilityGlobals) = postSolution
		SolutionGuid = {D7C21215-B883-4BA2-BC2B-9FCD670388BF}
	EndGlobalSection
EndGlobal
