Microsoft Visual Studio Solution File, Format Version 12.00
# Visual Studio Version 17
VisualStudioVersion = 17.5.2.0
MinimumVisualStudioVersion = 10.0.40219.1
Project("{FAE04EC0-301F-11D3-BF4B-00C04F79EFBC}") = "MiNuevoProyectoPAO", "MiNuevoProyectoPAO.csproj", "{DA821EC6-AEEB-AB92-0786-649B213A1492}"
EndProject
Global
	GlobalSection(SolutionConfigurationPlatforms) = preSolution
		Debug|Any CPU = Debug|Any CPU
		Release|Any CPU = Release|Any CPU
	EndGlobalSection
	GlobalSection(ProjectConfigurationPlatforms) = postSolution
		{DA821EC6-AEEB-AB92-0786-649B213A1492}.Debug|Any CPU.ActiveCfg = Debug|Any CPU
		{DA821EC6-AEEB-AB92-0786-649B213A1492}.Debug|Any CPU.Build.0 = Debug|Any CPU
		{DA821EC6-AEEB-AB92-0786-649B213A1492}.Release|Any CPU.ActiveCfg = Release|Any CPU
		{DA821EC6-AEEB-AB92-0786-649B213A1492}.Release|Any CPU.Build.0 = Release|Any CPU
	EndGlobalSection
	GlobalSection(SolutionProperties) = preSolution
		HideSolutionNode = FALSE
	EndGlobalSection
	GlobalSection(ExtensibilityGlobals) = postSolution
		SolutionGuid = {B6F14443-F8ED-4D2F-A8D4-AA276AE17FD4}
	EndGlobalSection
EndGlobal
